
Microsoft Visual Studio Solution File, Format Version 12.00
# Visual Studio Version 16
VisualStudioVersion = 16.0.30114.105
MinimumVisualStudioVersion = 10.0.40219.1
Project("{FAE04EC0-301F-11D3-BF4B-00C04F79EFBC}") = "InventoryWorker", "InventoryWorker\InventoryWorker.csproj", "{ED2044D0-288F-4BEF-A246-CDD9C59E9E47}"
EndProject
Project("{FAE04EC0-301F-11D3-BF4B-00C04F79EFBC}") = "InventoryWorker.Tests", "InventoryWorker.Tests\InventoryWorker.Tests.csproj", "{3133CF23-EE92-442A-85B1-2528ADF26043}"
EndProject
Global
	GlobalSection(SolutionConfigurationPlatforms) = preSolution
		Debug|Any CPU = Debug|Any CPU
		Debug|x64 = Debug|x64
		Debug|x86 = Debug|x86
		Release|Any CPU = Release|Any CPU
		Release|x64 = Release|x64
		Release|x86 = Release|x86
	EndGlobalSection
	GlobalSection(SolutionProperties) = preSolution
		HideSolutionNode = FALSE
	EndGlobalSection
	GlobalSection(ProjectConfigurationPlatforms) = postSolution
		{ED2044D0-288F-4BEF-A246-CDD9C59E9E47}.Debug|Any CPU.ActiveCfg = Debug|Any CPU
		{ED2044D0-288F-4BEF-A246-CDD9C59E9E47}.Debug|Any CPU.Build.0 = Debug|Any CPU
		{ED2044D0-288F-4BEF-A246-CDD9C59E9E47}.Debug|x64.ActiveCfg = Debug|Any CPU
		{ED2044D0-288F-4BEF-A246-CDD9C59E9E47}.Debug|x64.Build.0 = Debug|Any CPU
		{ED2044D0-288F-4BEF-A246-CDD9C59E9E47}.Debug|x86.ActiveCfg = Debug|Any CPU
		{ED2044D0-288F-4BEF-A246-CDD9C59E9E47}.Debug|x86.Build.0 = Debug|Any CPU
		{ED2044D0-288F-4BEF-A246-CDD9C59E9E47}.Release|Any CPU.ActiveCfg = Release|Any CPU
		{ED2044D0-288F-4BEF-A246-CDD9C59E9E47}.Release|Any CPU.Build.0 = Release|Any CPU
		{ED2044D0-288F-4BEF-A246-CDD9C59E9E47}.Release|x64.ActiveCfg = Release|Any CPU
		{ED2044D0-288F-4BEF-A246-CDD9C59E9E47}.Release|x64.Build.0 = Release|Any CPU
		{ED2044D0-288F-4BEF-A246-CDD9C59E9E47}.Release|x86.ActiveCfg = Release|Any CPU
		{ED2044D0-288F-4BEF-A246-CDD9C59E9E47}.Release|x86.Build.0 = Release|Any CPU
		{3133CF23-EE92-442A-85B1-2528ADF26043}.Debug|Any CPU.ActiveCfg = Debug|Any CPU
		{3133CF23-EE92-442A-85B1-2528ADF26043}.Debug|Any CPU.Build.0 = Debug|Any CPU
		{3133CF23-EE92-442A-85B1-2528ADF26043}.Debug|x64.ActiveCfg = Debug|Any CPU
		{3133CF23-EE92-442A-85B1-2528ADF26043}.Debug|x64.Build.0 = Debug|Any CPU
		{3133CF23-EE92-442A-85B1-2528ADF26043}.Debug|x86.ActiveCfg = Debug|Any CPU
		{3133CF23-EE92-442A-85B1-2528ADF26043}.Debug|x86.Build.0 = Debug|Any CPU
		{3133CF23-EE92-442A-85B1-2528ADF26043}.Release|Any CPU.ActiveCfg = Release|Any CPU
		{3133CF23-EE92-442A-85B1-2528ADF26043}.Release|Any CPU.Build.0 = Release|Any CPU
		{3133CF23-EE92-442A-85B1-2528ADF26043}.Release|x64.ActiveCfg = Release|Any CPU
		{3133CF23-EE92-442A-85B1-2528ADF26043}.Release|x64.Build.0 = Release|Any CPU
		{3133CF23-EE92-442A-85B1-2528ADF26043}.Release|x86.ActiveCfg = Release|Any CPU
		{3133CF23-EE92-442A-85B1-2528ADF26043}.Release|x86.Build.0 = Release|Any CPU
	EndGlobalSection
EndGlobal
